// !$*UTF8*$!
{
	archiveVersion = 1;
	classes = {
	};
	objectVersion = 50;
	objects = {

/* Begin PBXBuildFile section */
		161B5D242476596500629FE8 /* CircleSingleLinkedList.m in Sources */ = {isa = PBXBuildFile; fileRef = 161B5D232476596500629FE8 /* CircleSingleLinkedList.m */; };
		1621EE1124726E6400A41708 /* AppDelegate.m in Sources */ = {isa = PBXBuildFile; fileRef = 1621EE1024726E6400A41708 /* AppDelegate.m */; };
		1621EE1424726E6400A41708 /* SceneDelegate.m in Sources */ = {isa = PBXBuildFile; fileRef = 1621EE1324726E6400A41708 /* SceneDelegate.m */; };
		1621EE1724726E6400A41708 /* ViewController.m in Sources */ = {isa = PBXBuildFile; fileRef = 1621EE1624726E6400A41708 /* ViewController.m */; };
		1621EE1A24726E6400A41708 /* Main.storyboard in Resources */ = {isa = PBXBuildFile; fileRef = 1621EE1824726E6400A41708 /* Main.storyboard */; };
		1621EE1C24726E6900A41708 /* Assets.xcassets in Resources */ = {isa = PBXBuildFile; fileRef = 1621EE1B24726E6900A41708 /* Assets.xcassets */; };
		1621EE1F24726E6900A41708 /* LaunchScreen.storyboard in Resources */ = {isa = PBXBuildFile; fileRef = 1621EE1D24726E6900A41708 /* LaunchScreen.storyboard */; };
		1621EE2224726E6900A41708 /* main.m in Sources */ = {isa = PBXBuildFile; fileRef = 1621EE2124726E6900A41708 /* main.m */; };
		1621EE2A24726F5A00A41708 /* LinkedList.m in Sources */ = {isa = PBXBuildFile; fileRef = 1621EE2924726F5A00A41708 /* LinkedList.m */; };
/* End PBXBuildFile section */

/* Begin PBXFileReference section */
		161B5D222476596500629FE8 /* CircleSingleLinkedList.h */ = {isa = PBXFileReference; lastKnownFileType = sourcecode.c.h; path = CircleSingleLinkedList.h; sourceTree = "<group>"; };
		161B5D232476596500629FE8 /* CircleSingleLinkedList.m */ = {isa = PBXFileReference; lastKnownFileType = sourcecode.c.objc; path = CircleSingleLinkedList.m; sourceTree = "<group>"; };
		1621EE0C24726E6400A41708 /* 01_单向链表.app */ = {isa = PBXFileReference; explicitFileType = wrapper.application; includeInIndex = 0; path = "01_单向链表.app"; sourceTree = BUILT_PRODUCTS_DIR; };
		1621EE0F24726E6400A41708 /* AppDelegate.h */ = {isa = PBXFileReference; lastKnownFileType = sourcecode.c.h; path = AppDelegate.h; sourceTree = "<group>"; };
		1621EE1024726E6400A41708 /* AppDelegate.m */ = {isa = PBXFileReference; lastKnownFileType = sourcecode.c.objc; path = AppDelegate.m; sourceTree = "<group>"; };
		1621EE1224726E6400A41708 /* SceneDelegate.h */ = {isa = PBXFileReference; lastKnownFileType = sourcecode.c.h; path = SceneDelegate.h; sourceTree = "<group>"; };
		1621EE1324726E6400A41708 /* SceneDelegate.m */ = {isa = PBXFileReference; lastKnownFileType = sourcecode.c.objc; path = SceneDelegate.m; sourceTree = "<group>"; };
		1621EE1524726E6400A41708 /* ViewController.h */ = {isa = PBXFileReference; lastKnownFileType = sourcecode.c.h; path = ViewController.h; sourceTree = "<group>"; };
		1621EE1624726E6400A41708 /* ViewController.m */ = {isa = PBXFileReference; lastKnownFileType = sourcecode.c.objc; path = ViewController.m; sourceTree = "<group>"; };
		1621EE1924726E6400A41708 /* Base */ = {isa = PBXFileReference; lastKnownFileType = file.storyboard; name = Base; path = Base.lproj/Main.storyboard; sourceTree = "<group>"; };
		1621EE1B24726E6900A41708 /* Assets.xcassets */ = {isa = PBXFileReference; lastKnownFileType = folder.assetcatalog; path = Assets.xcassets; sourceTree = "<group>"; };
		1621EE1E24726E6900A41708 /* Base */ = {isa = PBXFileReference; lastKnownFileType = file.storyboard; name = Base; path = Base.lproj/LaunchScreen.storyboard; sourceTree = "<group>"; };
		1621EE2024726E6900A41708 /* Info.plist */ = {isa = PBXFileReference; lastKnownFileType = text.plist.xml; path = Info.plist; sourceTree = "<group>"; };
		1621EE2124726E6900A41708 /* main.m */ = {isa = PBXFileReference; lastKnownFileType = sourcecode.c.objc; path = main.m; sourceTree = "<group>"; };
		1621EE2824726F5A00A41708 /* LinkedList.h */ = {isa = PBXFileReference; lastKnownFileType = sourcecode.c.h; path = LinkedList.h; sourceTree = "<group>"; };
		1621EE2924726F5A00A41708 /* LinkedList.m */ = {isa = PBXFileReference; lastKnownFileType = sourcecode.c.objc; path = LinkedList.m; sourceTree = "<group>"; };
/* End PBXFileReference section */

/* Begin PBXFrameworksBuildPhase section */
		1621EE0924726E6400A41708 /* Frameworks */ = {
			isa = PBXFrameworksBuildPhase;
			buildActionMask = 2147483647;
			files = (
			);
			runOnlyForDeploymentPostprocessing = 0;
		};
/* End PBXFrameworksBuildPhase section */

/* Begin PBXGroup section */
		1621EE0324726E6400A41708 = {
			isa = PBXGroup;
			children = (
				1621EE0E24726E6400A41708 /* 01_单向链表 */,
				1621EE0D24726E6400A41708 /* Products */,
			);
			sourceTree = "<group>";
		};
		1621EE0D24726E6400A41708 /* Products */ = {
			isa = PBXGroup;
			children = (
				1621EE0C24726E6400A41708 /* 01_单向链表.app */,
			);
			name = Products;
			sourceTree = "<group>";
		};
		1621EE0E24726E6400A41708 /* 01_单向链表 */ = {
			isa = PBXGroup;
			children = (
				1621EE0F24726E6400A41708 /* AppDelegate.h */,
				1621EE1024726E6400A41708 /* AppDelegate.m */,
				1621EE1224726E6400A41708 /* SceneDelegate.h */,
				1621EE1324726E6400A41708 /* SceneDelegate.m */,
				1621EE1524726E6400A41708 /* ViewController.h */,
				1621EE1624726E6400A41708 /* ViewController.m */,
				1621EE2824726F5A00A41708 /* LinkedList.h */,
				1621EE2924726F5A00A41708 /* LinkedList.m */,
				161B5D222476596500629FE8 /* CircleSingleLinkedList.h */,
				161B5D232476596500629FE8 /* CircleSingleLinkedList.m */,
				1621EE1824726E6400A41708 /* Main.storyboard */,
				1621EE1B24726E6900A41708 /* Assets.xcassets */,
				1621EE1D24726E6900A41708 /* LaunchScreen.storyboard */,
				1621EE2024726E6900A41708 /* Info.plist */,
				1621EE2124726E6900A41708 /* main.m */,
			);
			path = "01_单向链表";
			sourceTree = "<group>";
		};
/* End PBXGroup section */

/* Begin PBXNativeTarget section */
		1621EE0B24726E6400A41708 /* 01_单向链表 */ = {
			isa = PBXNativeTarget;
			buildConfigurationList = 1621EE2524726E6900A41708 /* Build configuration list for PBXNativeTarget "01_单向链表" */;
			buildPhases = (
				1621EE0824726E6400A41708 /* Sources */,
				1621EE0924726E6400A41708 /* Frameworks */,
				1621EE0A24726E6400A41708 /* Resources */,
			);
			buildRules = (
			);
			dependencies = (
			);
			name = "01_单向链表";
			productName = "01_单向链表";
			productReference = 1621EE0C24726E6400A41708 /* 01_单向链表.app */;
			productType = "com.apple.product-type.application";
		};
/* End PBXNativeTarget section */

/* Begin PBXProject section */
		1621EE0424726E6400A41708 /* Project object */ = {
			isa = PBXProject;
			attributes = {
				LastUpgradeCheck = 1130;
				ORGANIZATIONNAME = zj;
				TargetAttributes = {
					1621EE0B24726E6400A41708 = {
						CreatedOnToolsVersion = 11.3;
					};
				};
			};
			buildConfigurationList = 1621EE0724726E6400A41708 /* Build configuration list for PBXProject "01_单向链表" */;
			compatibilityVersion = "Xcode 9.3";
			developmentRegion = en;
			hasScannedForEncodings = 0;
			knownRegions = (
				en,
				Base,
			);
			mainGroup = 1621EE0324726E6400A41708;
			productRefGroup = 1621EE0D24726E6400A41708 /* Products */;
			projectDirPath = "";
			projectRoot = "";
			targets = (
				1621EE0B24726E6400A41708 /* 01_单向链表 */,
			);
		};
/* End PBXProject section */

/* Begin PBXResourcesBuildPhase section */
		1621EE0A24726E6400A41708 /* Resources */ = {
			isa = PBXResourcesBuildPhase;
			buildActionMask = 2147483647;
			files = (
				1621EE1F24726E6900A41708 /* LaunchScreen.storyboard in Resources */,
				1621EE1C24726E6900A41708 /* Assets.xcassets in Resources */,
				1621EE1A24726E6400A41708 /* Main.storyboard in Resources */,
			);
			runOnlyForDeploymentPostprocessing = 0;
		};
/* End PBXResourcesBuildPhase section */

/* Begin PBXSourcesBuildPhase section */
		1621EE0824726E6400A41708 /* Sources */ = {
			isa = PBXSourcesBuildPhase;
			buildActionMask = 2147483647;
			files = (
				1621EE1724726E6400A41708 /* ViewController.m in Sources */,
				1621EE1124726E6400A41708 /* AppDelegate.m in Sources */,
				1621EE2224726E6900A41708 /* main.m in Sources */,
				1621EE2A24726F5A00A41708 /* LinkedList.m in Sources */,
				161B5D242476596500629FE8 /* CircleSingleLinkedList.m in Sources */,
				1621EE1424726E6400A41708 /* SceneDelegate.m in Sources */,
			);
			runOnlyForDeploymentPostprocessing = 0;
		};
/* End PBXSourcesBuildPhase section */

/* Begin PBXVariantGroup section */
		1621EE1824726E6400A41708 /* Main.storyboard */ = {
			isa = PBXVariantGroup;
			children = (
				1621EE1924726E6400A41708 /* Base */,
			);
			name = Main.storyboard;
			sourceTree = "<group>";
		};
		1621EE1D24726E6900A41708 /* LaunchScreen.storyboard */ = {
			isa = PBXVariantGroup;
			children = (
				1621EE1E24726E6900A41708 /* Base */,
			);
			name = LaunchScreen.storyboard;
			sourceTree = "<group>";
		};
/* End PBXVariantGroup section */

/* Begin XCBuildConfiguration section */
		1621EE2324726E6900A41708 /* Debug */ = {
			isa = XCBuildConfiguration;
			buildSettings = {
				ALWAYS_SEARCH_USER_PATHS = NO;
				CLANG_ANALYZER_NONNULL = YES;
				CLANG_ANALYZER_NUMBER_OBJECT_CONVERSION = YES_AGGRESSIVE;
				CLANG_CXX_LANGUAGE_STANDARD = "gnu++14";
				CLANG_CXX_LIBRARY = "libc++";
				CLANG_ENABLE_MODULES = YES;
				CLANG_ENABLE_OBJC_ARC = YES;
				CLANG_ENABLE_OBJC_WEAK = YES;
				CLANG_WARN_BLOCK_CAPTURE_AUTORELEASING = YES;
				CLANG_WARN_BOOL_CONVERSION = YES;
				CLANG_WARN_COMMA = YES;
				CLANG_WARN_CONSTANT_CONVERSION = YES;
				CLANG_WARN_DEPRECATED_OBJC_IMPLEMENTATIONS = YES;
				CLANG_WARN_DIRECT_OBJC_ISA_USAGE = YES_ERROR;
				CLANG_WARN_DOCUMENTATION_COMMENTS = YES;
				CLANG_WARN_EMPTY_BODY = YES;
				CLANG_WARN_ENUM_CONVERSION = YES;
				CLANG_WARN_INFINITE_RECURSION = YES;
				CLANG_WARN_INT_CONVERSION = YES;
				CLANG_WARN_NON_LITERAL_NULL_CONVERSION = YES;
				CLANG_WARN_OBJC_IMPLICIT_RETAIN_SELF = YES;
				CLANG_WARN_OBJC_LITERAL_CONVERSION = YES;
				CLANG_WARN_OBJC_ROOT_CLASS = YES_ERROR;
				CLANG_WARN_RANGE_LOOP_ANALYSIS = YES;
				CLANG_WARN_STRICT_PROTOTYPES = YES;
				CLANG_WARN_SUSPICIOUS_MOVE = YES;
				CLANG_WARN_UNGUARDED_AVAILABILITY = YES_AGGRESSIVE;
				CLANG_WARN_UNREACHABLE_CODE = YES;
				CLANG_WARN__DUPLICATE_METHOD_MATCH = YES;
				COPY_PHASE_STRIP = NO;
				DEBUG_INFORMATION_FORMAT = dwarf;
				ENABLE_STRICT_OBJC_MSGSEND = YES;
				ENABLE_TESTABILITY = YES;
				GCC_C_LANGUAGE_STANDARD = gnu11;
				GCC_DYNAMIC_NO_PIC = NO;
				GCC_NO_COMMON_BLOCKS = YES;
				GCC_OPTIMIZATION_LEVEL = 0;
				GCC_PREPROCESSOR_DEFINITIONS = (
					"DEBUG=1",
					"$(inherited)",
				);
				GCC_WARN_64_TO_32_BIT_CONVERSION = YES;
				GCC_WARN_ABOUT_RETURN_TYPE = YES_ERROR;
				GCC_WARN_UNDECLARED_SELECTOR = YES;
				GCC_WARN_UNINITIALIZED_AUTOS = YES_AGGRESSIVE;
				GCC_WARN_UNUSED_FUNCTION = YES;
				GCC_WARN_UNUSED_VARIABLE = YES;
				IPHONEOS_DEPLOYMENT_TARGET = 13.2;
				MTL_ENABLE_DEBUG_INFO = INCLUDE_SOURCE;
				MTL_FAST_MATH = YES;
				ONLY_ACTIVE_ARCH = YES;
				SDKROOT = iphoneos;
			};
			name = Debug;
		};
		1621EE2424726E6900A41708 /* Release */ = {
			isa = XCBuildConfiguration;
			buildSettings = {
				ALWAYS_SEARCH_USER_PATHS = NO;
				CLANG_ANALYZER_NONNULL = YES;
				CLANG_ANALYZER_NUMBER_OBJECT_CONVERSION = YES_AGGRESSIVE;
				CLANG_CXX_LANGUAGE_STANDARD = "gnu++14";
				CLANG_CXX_LIBRARY = "libc++";
				CLANG_ENABLE_MODULES = YES;
				CLANG_ENABLE_OBJC_ARC = YES;
				CLANG_ENABLE_OBJC_WEAK = YES;
				CLANG_WARN_BLOCK_CAPTURE_AUTORELEASING = YES;
				CLANG_WARN_BOOL_CONVERSION = YES;
				CLANG_WARN_COMMA = YES;
				CLANG_WARN_CONSTANT_CONVERSION = YES;
				CLANG_WARN_DEPRECATED_OBJC_IMPLEMENTATIONS = YES;
				CLANG_WARN_DIRECT_OBJC_ISA_USAGE = YES_ERROR;
				CLANG_WARN_DOCUMENTATION_COMMENTS = YES;
				CLANG_WARN_EMPTY_BODY = YES;
				CLANG_WARN_ENUM_CONVERSION = YES;
				CLANG_WARN_INFINITE_RECURSION = YES;
				CLANG_WARN_INT_CONVERSION = YES;
				CLANG_WARN_NON_LITERAL_NULL_CONVERSION = YES;
				CLANG_WARN_OBJC_IMPLICIT_RETAIN_SELF = YES;
				CLANG_WARN_OBJC_LITERAL_CONVERSION = YES;
				CLANG_WARN_OBJC_ROOT_CLASS = YES_ERROR;
				CLANG_WARN_RANGE_LOOP_ANALYSIS = YES;
				CLANG_WARN_STRICT_PROTOTYPES = YES;
				CLANG_WARN_SUSPICIOUS_MOVE = YES;
				CLANG_WARN_UNGUARDED_AVAILABILITY = YES_AGGRESSIVE;
				CLANG_WARN_UNREACHABLE_CODE = YES;
				CLANG_WARN__DUPLICATE_METHOD_MATCH = YES;
				COPY_PHASE_STRIP = NO;
				DEBUG_INFORMATION_FORMAT = "dwarf-with-dsym";
				ENABLE_NS_ASSERTIONS = NO;
				ENABLE_STRICT_OBJC_MSGSEND = YES;
				GCC_C_LANGUAGE_STANDARD = gnu11;
				GCC_NO_COMMON_BLOCKS = YES;
				GCC_WARN_64_TO_32_BIT_CONVERSION = YES;
				GCC_WARN_ABOUT_RETURN_TYPE = YES_ERROR;
				GCC_WARN_UNDECLARED_SELECTOR = YES;
				GCC_WARN_UNINITIALIZED_AUTOS = YES_AGGRESSIVE;
				GCC_WARN_UNUSED_FUNCTION = YES;
				GCC_WARN_UNUSED_VARIABLE = YES;
				IPHONEOS_DEPLOYMENT_TARGET = 13.2;
				MTL_ENABLE_DEBUG_INFO = NO;
				MTL_FAST_MATH = YES;
				SDKROOT = iphoneos;
				VALIDATE_PRODUCT = YES;
			};
			name = Release;
		};
		1621EE2624726E6900A41708 /* Debug */ = {
			isa = XCBuildConfiguration;
			buildSettings = {
				ASSETCATALOG_COMPILER_APPICON_NAME = AppIcon;
				CODE_SIGN_STYLE = Automatic;
				DEVELOPMENT_TEAM = Y86LFNG74Z;
				INFOPLIST_FILE = "01_单向链表/Info.plist";
				LD_RUNPATH_SEARCH_PATHS = (
					"$(inherited)",
					"@executable_path/Frameworks",
				);
				PRODUCT_BUNDLE_IDENTIFIER = "z.-1-----";
				PRODUCT_NAME = "$(TARGET_NAME)";
				TARGETED_DEVICE_FAMILY = "1,2";
			};
			name = Debug;
		};
		1621EE2724726E6900A41708 /* Release */ = {
			isa = XCBuildConfiguration;
			buildSettings = {
				ASSETCATALOG_COMPILER_APPICON_NAME = AppIcon;
				CODE_SIGN_STYLE = Automatic;
				DEVELOPMENT_TEAM = Y86LFNG74Z;
				INFOPLIST_FILE = "01_单向链表/Info.plist";
				LD_RUNPATH_SEARCH_PATHS = (
					"$(inherited)",
					"@executable_path/Frameworks",
				);
				PRODUCT_BUNDLE_IDENTIFIER = "z.-1-----";
				PRODUCT_NAME = "$(TARGET_NAME)";
				TARGETED_DEVICE_FAMILY = "1,2";
			};
			name = Release;
		};
/* End XCBuildConfiguration section */

/* Begin XCConfigurationList section */
		1621EE0724726E6400A41708 /* Build configuration list for PBXProject "01_单向链表" */ = {
			isa = XCConfigurationList;
			buildConfigurations = (
				1621EE2324726E6900A41708 /* Debug */,
				1621EE2424726E6900A41708 /* Release */,
			);
			defaultConfigurationIsVisible = 0;
			defaultConfigurationName = Release;
		};
		1621EE2524726E6900A41708 /* Build configuration list for PBXNativeTarget "01_单向链表" */ = {
			isa = XCConfigurationList;
			buildConfigurations = (
				1621EE2624726E6900A41708 /* Debug */,
				1621EE2724726E6900A41708 /* Release */,
			);
			defaultConfigurationIsVisible = 0;
			defaultConfigurationName = Release;
		};
/* End XCConfigurationList section */
	};
	rootObject = 1621EE0424726E6400A41708 /* Project object */;
}
