// !$*UTF8*$!
{
	archiveVersion = 1;
	classes = {
	};
	objectVersion = 50;
	objects = {

/* Begin PBXBuildFile section */
		16A2FBA6256F443C007C89DD /* main.m in Sources */ = {isa = PBXBuildFile; fileRef = 16A2FBA5256F443C007C89DD /* main.m */; };
		16A2FBBA256F4452007C89DD /* MJInorderPrinter.m in Sources */ = {isa = PBXBuildFile; fileRef = 16A2FBB1256F4452007C89DD /* MJInorderPrinter.m */; };
		16A2FBBB256F4452007C89DD /* MJLevelOrderPrinter.m in Sources */ = {isa = PBXBuildFile; fileRef = 16A2FBB3256F4452007C89DD /* MJLevelOrderPrinter.m */; };
		16A2FBBC256F4452007C89DD /* MJPrinter.m in Sources */ = {isa = PBXBuildFile; fileRef = 16A2FBB4256F4452007C89DD /* MJPrinter.m */; };
		16A2FBBD256F4452007C89DD /* MJBinaryTrees.m in Sources */ = {isa = PBXBuildFile; fileRef = 16A2FBB8256F4452007C89DD /* MJBinaryTrees.m */; };
		16A2FBBE256F4452007C89DD /* NSString+Trees.m in Sources */ = {isa = PBXBuildFile; fileRef = 16A2FBB9256F4452007C89DD /* NSString+Trees.m */; };
		16A2FBC4256F467A007C89DD /* ZJBinarySearchTree.m in Sources */ = {isa = PBXBuildFile; fileRef = 16A2FBC3256F467A007C89DD /* ZJBinarySearchTree.m */; };
		16A2FBCB256F785E007C89DD /* ZJQueue.m in Sources */ = {isa = PBXBuildFile; fileRef = 16A2FBCA256F785E007C89DD /* ZJQueue.m */; };
		16A2FBCF256F798C007C89DD /* ZJDoubleLinkedList.m in Sources */ = {isa = PBXBuildFile; fileRef = 16A2FBCE256F798C007C89DD /* ZJDoubleLinkedList.m */; };
		16A2FBD4256F7A8F007C89DD /* ZJSingleLinkedList.m in Sources */ = {isa = PBXBuildFile; fileRef = 16A2FBD3256F7A8F007C89DD /* ZJSingleLinkedList.m */; };
/* End PBXBuildFile section */

/* Begin PBXCopyFilesBuildPhase section */
		16A2FBA0256F443C007C89DD /* CopyFiles */ = {
			isa = PBXCopyFilesBuildPhase;
			buildActionMask = 2147483647;
			dstPath = /usr/share/man/man1/;
			dstSubfolderSpec = 0;
			files = (
			);
			runOnlyForDeploymentPostprocessing = 1;
		};
/* End PBXCopyFilesBuildPhase section */

/* Begin PBXFileReference section */
		16A2FBA2256F443C007C89DD /* 02-BinaryTreeOC */ = {isa = PBXFileReference; explicitFileType = "compiled.mach-o.executable"; includeInIndex = 0; path = "02-BinaryTreeOC"; sourceTree = BUILT_PRODUCTS_DIR; };
		16A2FBA5256F443C007C89DD /* main.m */ = {isa = PBXFileReference; lastKnownFileType = sourcecode.c.objc; path = main.m; sourceTree = "<group>"; };
		16A2FBAE256F4452007C89DD /* MJBinaryTrees.h */ = {isa = PBXFileReference; fileEncoding = 4; lastKnownFileType = sourcecode.c.h; path = MJBinaryTrees.h; sourceTree = "<group>"; };
		16A2FBB0256F4452007C89DD /* MJLevelOrderPrinter.h */ = {isa = PBXFileReference; fileEncoding = 4; lastKnownFileType = sourcecode.c.h; path = MJLevelOrderPrinter.h; sourceTree = "<group>"; };
		16A2FBB1256F4452007C89DD /* MJInorderPrinter.m */ = {isa = PBXFileReference; fileEncoding = 4; lastKnownFileType = sourcecode.c.objc; path = MJInorderPrinter.m; sourceTree = "<group>"; };
		16A2FBB2256F4452007C89DD /* MJPrinter.h */ = {isa = PBXFileReference; fileEncoding = 4; lastKnownFileType = sourcecode.c.h; path = MJPrinter.h; sourceTree = "<group>"; };
		16A2FBB3256F4452007C89DD /* MJLevelOrderPrinter.m */ = {isa = PBXFileReference; fileEncoding = 4; lastKnownFileType = sourcecode.c.objc; path = MJLevelOrderPrinter.m; sourceTree = "<group>"; };
		16A2FBB4256F4452007C89DD /* MJPrinter.m */ = {isa = PBXFileReference; fileEncoding = 4; lastKnownFileType = sourcecode.c.objc; path = MJPrinter.m; sourceTree = "<group>"; };
		16A2FBB5256F4452007C89DD /* MJInorderPrinter.h */ = {isa = PBXFileReference; fileEncoding = 4; lastKnownFileType = sourcecode.c.h; path = MJInorderPrinter.h; sourceTree = "<group>"; };
		16A2FBB6256F4452007C89DD /* NSString+Trees.h */ = {isa = PBXFileReference; fileEncoding = 4; lastKnownFileType = sourcecode.c.h; path = "NSString+Trees.h"; sourceTree = "<group>"; };
		16A2FBB7256F4452007C89DD /* MJBinaryTreeInfo.h */ = {isa = PBXFileReference; fileEncoding = 4; lastKnownFileType = sourcecode.c.h; path = MJBinaryTreeInfo.h; sourceTree = "<group>"; };
		16A2FBB8256F4452007C89DD /* MJBinaryTrees.m */ = {isa = PBXFileReference; fileEncoding = 4; lastKnownFileType = sourcecode.c.objc; path = MJBinaryTrees.m; sourceTree = "<group>"; };
		16A2FBB9256F4452007C89DD /* NSString+Trees.m */ = {isa = PBXFileReference; fileEncoding = 4; lastKnownFileType = sourcecode.c.objc; path = "NSString+Trees.m"; sourceTree = "<group>"; };
		16A2FBC2256F467A007C89DD /* ZJBinarySearchTree.h */ = {isa = PBXFileReference; lastKnownFileType = sourcecode.c.h; path = ZJBinarySearchTree.h; sourceTree = "<group>"; };
		16A2FBC3256F467A007C89DD /* ZJBinarySearchTree.m */ = {isa = PBXFileReference; lastKnownFileType = sourcecode.c.objc; path = ZJBinarySearchTree.m; sourceTree = "<group>"; };
		16A2FBC9256F785E007C89DD /* ZJQueue.h */ = {isa = PBXFileReference; lastKnownFileType = sourcecode.c.h; path = ZJQueue.h; sourceTree = "<group>"; };
		16A2FBCA256F785E007C89DD /* ZJQueue.m */ = {isa = PBXFileReference; lastKnownFileType = sourcecode.c.objc; path = ZJQueue.m; sourceTree = "<group>"; };
		16A2FBCD256F798C007C89DD /* ZJDoubleLinkedList.h */ = {isa = PBXFileReference; lastKnownFileType = sourcecode.c.h; path = ZJDoubleLinkedList.h; sourceTree = "<group>"; };
		16A2FBCE256F798C007C89DD /* ZJDoubleLinkedList.m */ = {isa = PBXFileReference; lastKnownFileType = sourcecode.c.objc; path = ZJDoubleLinkedList.m; sourceTree = "<group>"; };
		16A2FBD2256F7A8F007C89DD /* ZJSingleLinkedList.h */ = {isa = PBXFileReference; lastKnownFileType = sourcecode.c.h; path = ZJSingleLinkedList.h; sourceTree = "<group>"; };
		16A2FBD3256F7A8F007C89DD /* ZJSingleLinkedList.m */ = {isa = PBXFileReference; lastKnownFileType = sourcecode.c.objc; path = ZJSingleLinkedList.m; sourceTree = "<group>"; };
/* End PBXFileReference section */

/* Begin PBXFrameworksBuildPhase section */
		16A2FB9F256F443C007C89DD /* Frameworks */ = {
			isa = PBXFrameworksBuildPhase;
			buildActionMask = 2147483647;
			files = (
			);
			runOnlyForDeploymentPostprocessing = 0;
		};
/* End PBXFrameworksBuildPhase section */

/* Begin PBXGroup section */
		16A2FB99256F443C007C89DD = {
			isa = PBXGroup;
			children = (
				16A2FBA4256F443C007C89DD /* 02-BinaryTreeOC */,
				16A2FBA3256F443C007C89DD /* Products */,
			);
			sourceTree = "<group>";
		};
		16A2FBA3256F443C007C89DD /* Products */ = {
			isa = PBXGroup;
			children = (
				16A2FBA2256F443C007C89DD /* 02-BinaryTreeOC */,
			);
			name = Products;
			sourceTree = "<group>";
		};
		16A2FBA4256F443C007C89DD /* 02-BinaryTreeOC */ = {
			isa = PBXGroup;
			children = (
				16A2FBC7256F594B007C89DD /* LinkedList */,
				16A2FBC1256F4632007C89DD /* BinaryTree */,
				16A2FBAD256F4452007C89DD /* MJBinaryTrees */,
				16A2FBA5256F443C007C89DD /* main.m */,
			);
			path = "02-BinaryTreeOC";
			sourceTree = "<group>";
		};
		16A2FBAD256F4452007C89DD /* MJBinaryTrees */ = {
			isa = PBXGroup;
			children = (
				16A2FBAF256F4452007C89DD /* MJPrinter */,
				16A2FBB7256F4452007C89DD /* MJBinaryTreeInfo.h */,
				16A2FBAE256F4452007C89DD /* MJBinaryTrees.h */,
				16A2FBB8256F4452007C89DD /* MJBinaryTrees.m */,
				16A2FBB6256F4452007C89DD /* NSString+Trees.h */,
				16A2FBB9256F4452007C89DD /* NSString+Trees.m */,
			);
			path = MJBinaryTrees;
			sourceTree = "<group>";
		};
		16A2FBAF256F4452007C89DD /* MJPrinter */ = {
			isa = PBXGroup;
			children = (
				16A2FBB2256F4452007C89DD /* MJPrinter.h */,
				16A2FBB4256F4452007C89DD /* MJPrinter.m */,
				16A2FBB0256F4452007C89DD /* MJLevelOrderPrinter.h */,
				16A2FBB3256F4452007C89DD /* MJLevelOrderPrinter.m */,
				16A2FBB5256F4452007C89DD /* MJInorderPrinter.h */,
				16A2FBB1256F4452007C89DD /* MJInorderPrinter.m */,
			);
			path = MJPrinter;
			sourceTree = "<group>";
		};
		16A2FBC1256F4632007C89DD /* BinaryTree */ = {
			isa = PBXGroup;
			children = (
				16A2FBC2256F467A007C89DD /* ZJBinarySearchTree.h */,
				16A2FBC3256F467A007C89DD /* ZJBinarySearchTree.m */,
			);
			path = BinaryTree;
			sourceTree = "<group>";
		};
		16A2FBC7256F594B007C89DD /* LinkedList */ = {
			isa = PBXGroup;
			children = (
				16A2FBD2256F7A8F007C89DD /* ZJSingleLinkedList.h */,
				16A2FBD3256F7A8F007C89DD /* ZJSingleLinkedList.m */,
				16A2FBCD256F798C007C89DD /* ZJDoubleLinkedList.h */,
				16A2FBCE256F798C007C89DD /* ZJDoubleLinkedList.m */,
				16A2FBC9256F785E007C89DD /* ZJQueue.h */,
				16A2FBCA256F785E007C89DD /* ZJQueue.m */,
			);
			path = LinkedList;
			sourceTree = "<group>";
		};
/* End PBXGroup section */

/* Begin PBXNativeTarget section */
		16A2FBA1256F443C007C89DD /* 02-BinaryTreeOC */ = {
			isa = PBXNativeTarget;
			buildConfigurationList = 16A2FBA9256F443C007C89DD /* Build configuration list for PBXNativeTarget "02-BinaryTreeOC" */;
			buildPhases = (
				16A2FB9E256F443C007C89DD /* Sources */,
				16A2FB9F256F443C007C89DD /* Frameworks */,
				16A2FBA0256F443C007C89DD /* CopyFiles */,
			);
			buildRules = (
			);
			dependencies = (
			);
			name = "02-BinaryTreeOC";
			productName = "02-BinaryTreeOC";
			productReference = 16A2FBA2256F443C007C89DD /* 02-BinaryTreeOC */;
			productType = "com.apple.product-type.tool";
		};
/* End PBXNativeTarget section */

/* Begin PBXProject section */
		16A2FB9A256F443C007C89DD /* Project object */ = {
			isa = PBXProject;
			attributes = {
				LastUpgradeCheck = 1200;
				TargetAttributes = {
					16A2FBA1256F443C007C89DD = {
						CreatedOnToolsVersion = 12.0;
					};
				};
			};
			buildConfigurationList = 16A2FB9D256F443C007C89DD /* Build configuration list for PBXProject "02-BinaryTreeOC" */;
			compatibilityVersion = "Xcode 9.3";
			developmentRegion = en;
			hasScannedForEncodings = 0;
			knownRegions = (
				en,
				Base,
			);
			mainGroup = 16A2FB99256F443C007C89DD;
			productRefGroup = 16A2FBA3256F443C007C89DD /* Products */;
			projectDirPath = "";
			projectRoot = "";
			targets = (
				16A2FBA1256F443C007C89DD /* 02-BinaryTreeOC */,
			);
		};
/* End PBXProject section */

/* Begin PBXSourcesBuildPhase section */
		16A2FB9E256F443C007C89DD /* Sources */ = {
			isa = PBXSourcesBuildPhase;
			buildActionMask = 2147483647;
			files = (
				16A2FBCF256F798C007C89DD /* ZJDoubleLinkedList.m in Sources */,
				16A2FBBB256F4452007C89DD /* MJLevelOrderPrinter.m in Sources */,
				16A2FBBD256F4452007C89DD /* MJBinaryTrees.m in Sources */,
				16A2FBBC256F4452007C89DD /* MJPrinter.m in Sources */,
				16A2FBD4256F7A8F007C89DD /* ZJSingleLinkedList.m in Sources */,
				16A2FBC4256F467A007C89DD /* ZJBinarySearchTree.m in Sources */,
				16A2FBBE256F4452007C89DD /* NSString+Trees.m in Sources */,
				16A2FBCB256F785E007C89DD /* ZJQueue.m in Sources */,
				16A2FBA6256F443C007C89DD /* main.m in Sources */,
				16A2FBBA256F4452007C89DD /* MJInorderPrinter.m in Sources */,
			);
			runOnlyForDeploymentPostprocessing = 0;
		};
/* End PBXSourcesBuildPhase section */

/* Begin XCBuildConfiguration section */
		16A2FBA7256F443C007C89DD /* Debug */ = {
			isa = XCBuildConfiguration;
			buildSettings = {
				ALWAYS_SEARCH_USER_PATHS = NO;
				CLANG_ANALYZER_NONNULL = YES;
				CLANG_ANALYZER_NUMBER_OBJECT_CONVERSION = YES_AGGRESSIVE;
				CLANG_CXX_LANGUAGE_STANDARD = "gnu++14";
				CLANG_CXX_LIBRARY = "libc++";
				CLANG_ENABLE_MODULES = YES;
				CLANG_ENABLE_OBJC_ARC = YES;
				CLANG_ENABLE_OBJC_WEAK = YES;
				CLANG_WARN_BLOCK_CAPTURE_AUTORELEASING = YES;
				CLANG_WARN_BOOL_CONVERSION = YES;
				CLANG_WARN_COMMA = YES;
				CLANG_WARN_CONSTANT_CONVERSION = YES;
				CLANG_WARN_DEPRECATED_OBJC_IMPLEMENTATIONS = YES;
				CLANG_WARN_DIRECT_OBJC_ISA_USAGE = YES_ERROR;
				CLANG_WARN_DOCUMENTATION_COMMENTS = YES;
				CLANG_WARN_EMPTY_BODY = YES;
				CLANG_WARN_ENUM_CONVERSION = YES;
				CLANG_WARN_INFINITE_RECURSION = YES;
				CLANG_WARN_INT_CONVERSION = YES;
				CLANG_WARN_NON_LITERAL_NULL_CONVERSION = YES;
				CLANG_WARN_OBJC_IMPLICIT_RETAIN_SELF = YES;
				CLANG_WARN_OBJC_LITERAL_CONVERSION = YES;
				CLANG_WARN_OBJC_ROOT_CLASS = YES_ERROR;
				CLANG_WARN_QUOTED_INCLUDE_IN_FRAMEWORK_HEADER = YES;
				CLANG_WARN_RANGE_LOOP_ANALYSIS = YES;
				CLANG_WARN_STRICT_PROTOTYPES = YES;
				CLANG_WARN_SUSPICIOUS_MOVE = YES;
				CLANG_WARN_UNGUARDED_AVAILABILITY = YES_AGGRESSIVE;
				CLANG_WARN_UNREACHABLE_CODE = YES;
				CLANG_WARN__DUPLICATE_METHOD_MATCH = YES;
				COPY_PHASE_STRIP = NO;
				DEBUG_INFORMATION_FORMAT = dwarf;
				ENABLE_STRICT_OBJC_MSGSEND = YES;
				ENABLE_TESTABILITY = YES;
				GCC_C_LANGUAGE_STANDARD = gnu11;
				GCC_DYNAMIC_NO_PIC = NO;
				GCC_NO_COMMON_BLOCKS = YES;
				GCC_OPTIMIZATION_LEVEL = 0;
				GCC_PREPROCESSOR_DEFINITIONS = (
					"DEBUG=1",
					"$(inherited)",
				);
				GCC_WARN_64_TO_32_BIT_CONVERSION = YES;
				GCC_WARN_ABOUT_RETURN_TYPE = YES_ERROR;
				GCC_WARN_UNDECLARED_SELECTOR = YES;
				GCC_WARN_UNINITIALIZED_AUTOS = YES_AGGRESSIVE;
				GCC_WARN_UNUSED_FUNCTION = YES;
				GCC_WARN_UNUSED_VARIABLE = YES;
				MACOSX_DEPLOYMENT_TARGET = 10.15;
				MTL_ENABLE_DEBUG_INFO = INCLUDE_SOURCE;
				MTL_FAST_MATH = YES;
				ONLY_ACTIVE_ARCH = YES;
				SDKROOT = macosx;
			};
			name = Debug;
		};
		16A2FBA8256F443C007C89DD /* Release */ = {
			isa = XCBuildConfiguration;
			buildSettings = {
				ALWAYS_SEARCH_USER_PATHS = NO;
				CLANG_ANALYZER_NONNULL = YES;
				CLANG_ANALYZER_NUMBER_OBJECT_CONVERSION = YES_AGGRESSIVE;
				CLANG_CXX_LANGUAGE_STANDARD = "gnu++14";
				CLANG_CXX_LIBRARY = "libc++";
				CLANG_ENABLE_MODULES = YES;
				CLANG_ENABLE_OBJC_ARC = YES;
				CLANG_ENABLE_OBJC_WEAK = YES;
				CLANG_WARN_BLOCK_CAPTURE_AUTORELEASING = YES;
				CLANG_WARN_BOOL_CONVERSION = YES;
				CLANG_WARN_COMMA = YES;
				CLANG_WARN_CONSTANT_CONVERSION = YES;
				CLANG_WARN_DEPRECATED_OBJC_IMPLEMENTATIONS = YES;
				CLANG_WARN_DIRECT_OBJC_ISA_USAGE = YES_ERROR;
				CLANG_WARN_DOCUMENTATION_COMMENTS = YES;
				CLANG_WARN_EMPTY_BODY = YES;
				CLANG_WARN_ENUM_CONVERSION = YES;
				CLANG_WARN_INFINITE_RECURSION = YES;
				CLANG_WARN_INT_CONVERSION = YES;
				CLANG_WARN_NON_LITERAL_NULL_CONVERSION = YES;
				CLANG_WARN_OBJC_IMPLICIT_RETAIN_SELF = YES;
				CLANG_WARN_OBJC_LITERAL_CONVERSION = YES;
				CLANG_WARN_OBJC_ROOT_CLASS = YES_ERROR;
				CLANG_WARN_QUOTED_INCLUDE_IN_FRAMEWORK_HEADER = YES;
				CLANG_WARN_RANGE_LOOP_ANALYSIS = YES;
				CLANG_WARN_STRICT_PROTOTYPES = YES;
				CLANG_WARN_SUSPICIOUS_MOVE = YES;
				CLANG_WARN_UNGUARDED_AVAILABILITY = YES_AGGRESSIVE;
				CLANG_WARN_UNREACHABLE_CODE = YES;
				CLANG_WARN__DUPLICATE_METHOD_MATCH = YES;
				COPY_PHASE_STRIP = NO;
				DEBUG_INFORMATION_FORMAT = "dwarf-with-dsym";
				ENABLE_NS_ASSERTIONS = NO;
				ENABLE_STRICT_OBJC_MSGSEND = YES;
				GCC_C_LANGUAGE_STANDARD = gnu11;
				GCC_NO_COMMON_BLOCKS = YES;
				GCC_WARN_64_TO_32_BIT_CONVERSION = YES;
				GCC_WARN_ABOUT_RETURN_TYPE = YES_ERROR;
				GCC_WARN_UNDECLARED_SELECTOR = YES;
				GCC_WARN_UNINITIALIZED_AUTOS = YES_AGGRESSIVE;
				GCC_WARN_UNUSED_FUNCTION = YES;
				GCC_WARN_UNUSED_VARIABLE = YES;
				MACOSX_DEPLOYMENT_TARGET = 10.15;
				MTL_ENABLE_DEBUG_INFO = NO;
				MTL_FAST_MATH = YES;
				SDKROOT = macosx;
			};
			name = Release;
		};
		16A2FBAA256F443C007C89DD /* Debug */ = {
			isa = XCBuildConfiguration;
			buildSettings = {
				CODE_SIGN_STYLE = Automatic;
				DEVELOPMENT_TEAM = Y86LFNG74Z;
				ENABLE_HARDENED_RUNTIME = YES;
				PRODUCT_NAME = "$(TARGET_NAME)";
			};
			name = Debug;
		};
		16A2FBAB256F443C007C89DD /* Release */ = {
			isa = XCBuildConfiguration;
			buildSettings = {
				CODE_SIGN_STYLE = Automatic;
				DEVELOPMENT_TEAM = Y86LFNG74Z;
				ENABLE_HARDENED_RUNTIME = YES;
				PRODUCT_NAME = "$(TARGET_NAME)";
			};
			name = Release;
		};
/* End XCBuildConfiguration section */

/* Begin XCConfigurationList section */
		16A2FB9D256F443C007C89DD /* Build configuration list for PBXProject "02-BinaryTreeOC" */ = {
			isa = XCConfigurationList;
			buildConfigurations = (
				16A2FBA7256F443C007C89DD /* Debug */,
				16A2FBA8256F443C007C89DD /* Release */,
			);
			defaultConfigurationIsVisible = 0;
			defaultConfigurationName = Release;
		};
		16A2FBA9256F443C007C89DD /* Build configuration list for PBXNativeTarget "02-BinaryTreeOC" */ = {
			isa = XCConfigurationList;
			buildConfigurations = (
				16A2FBAA256F443C007C89DD /* Debug */,
				16A2FBAB256F443C007C89DD /* Release */,
			);
			defaultConfigurationIsVisible = 0;
			defaultConfigurationName = Release;
		};
/* End XCConfigurationList section */
	};
	rootObject = 16A2FB9A256F443C007C89DD /* Project object */;
}
